
Microsoft Visual Studio Solution File, Format Version 12.00
# Visual Studio Version 16
VisualStudioVersion = 16.0.31410.357
MinimumVisualStudioVersion = 10.0.40219.1
Project("{FAE04EC0-301F-11D3-BF4B-00C04F79EFBC}") = "dndRandoGen", "dndRandoGen.csproj", "{60F82D1D-8E97-428C-8256-09B720CB36C8}"
EndProject
Global
	GlobalSection(SolutionConfigurationPlatforms) = preSolution
		Debug|Any CPU = Debug|Any CPU
		Release|Any CPU = Release|Any CPU
	EndGlobalSection
	GlobalSection(ProjectConfigurationPlatforms) = postSolution
		{60F82D1D-8E97-428C-8256-09B720CB36C8}.Debug|Any CPU.ActiveCfg = Debug|Any CPU
		{60F82D1D-8E97-428C-8256-09B720CB36C8}.Debug|Any CPU.Build.0 = Debug|Any CPU
		{60F82D1D-8E97-428C-8256-09B720CB36C8}.Release|Any CPU.ActiveCfg = Release|Any CPU
		{60F82D1D-8E97-428C-8256-09B720CB36C8}.Release|Any CPU.Build.0 = Release|Any CPU
	EndGlobalSection
	GlobalSection(SolutionProperties) = preSolution
		HideSolutionNode = FALSE
	EndGlobalSection
	GlobalSection(ExtensibilityGlobals) = postSolution
		SolutionGuid = {42924EA1-F34D-4C14-9902-0060E33429E1}
	EndGlobalSection
EndGlobal
